
Microsoft Visual Studio Solution File, Format Version 12.00
# Visual Studio Version 17
VisualStudioVersion = 17.10.35013.160
MinimumVisualStudioVersion = 10.0.40219.1
Project("{FAE04EC0-301F-11D3-BF4B-00C04F79EFBC}") = "task05", "task05\task05.csproj", "{CDCECF25-7EA7-4BB6-9172-1E94039776C1}"
EndProject
Project("{FAE04EC0-301F-11D3-BF4B-00C04F79EFBC}") = "task05tests", "task05tests\task05tests.csproj", "{6FEEBB02-2285-45CF-99C9-D9820FB33017}"
EndProject
Global
	GlobalSection(SolutionConfigurationPlatforms) = preSolution
		Debug|Any CPU = Debug|Any CPU
		Release|Any CPU = Release|Any CPU
	EndGlobalSection
	GlobalSection(ProjectConfigurationPlatforms) = postSolution
		{CDCECF25-7EA7-4BB6-9172-1E94039776C1}.Debug|Any CPU.ActiveCfg = Debug|Any CPU
		{CDCECF25-7EA7-4BB6-9172-1E94039776C1}.Debug|Any CPU.Build.0 = Debug|Any CPU
		{CDCECF25-7EA7-4BB6-9172-1E94039776C1}.Release|Any CPU.ActiveCfg = Release|Any CPU
		{CDCECF25-7EA7-4BB6-9172-1E94039776C1}.Release|Any CPU.Build.0 = Release|Any CPU
		{6FEEBB02-2285-45CF-99C9-D9820FB33017}.Debug|Any CPU.ActiveCfg = Debug|Any CPU
		{6FEEBB02-2285-45CF-99C9-D9820FB33017}.Debug|Any CPU.Build.0 = Debug|Any CPU
		{6FEEBB02-2285-45CF-99C9-D9820FB33017}.Release|Any CPU.ActiveCfg = Release|Any CPU
		{6FEEBB02-2285-45CF-99C9-D9820FB33017}.Release|Any CPU.Build.0 = Release|Any CPU
	EndGlobalSection
	GlobalSection(SolutionProperties) = preSolution
		HideSolutionNode = FALSE
	EndGlobalSection
	GlobalSection(ExtensibilityGlobals) = postSolution
		SolutionGuid = {BC9B6C3A-DF6C-412C-9ADA-3775522DE42F}
	EndGlobalSection
EndGlobal
