
Microsoft Visual Studio Solution File, Format Version 12.00
# Visual Studio Version 17
VisualStudioVersion = 17.10.35013.160
MinimumVisualStudioVersion = 10.0.40219.1
Project("{FAE04EC0-301F-11D3-BF4B-00C04F79EFBC}") = "task17", "task17\task17.csproj", "{705AA2A1-0FCE-43B8-AFC5-1049FC053EFE}"
EndProject
Project("{FAE04EC0-301F-11D3-BF4B-00C04F79EFBC}") = "task17tests", "task17tests\task17tests.csproj", "{069D2C0A-B3B8-467E-AB20-B7F0A3F0B80C}"
EndProject
Global
	GlobalSection(SolutionConfigurationPlatforms) = preSolution
		Debug|Any CPU = Debug|Any CPU
		Release|Any CPU = Release|Any CPU
	EndGlobalSection
	GlobalSection(ProjectConfigurationPlatforms) = postSolution
		{705AA2A1-0FCE-43B8-AFC5-1049FC053EFE}.Debug|Any CPU.ActiveCfg = Debug|Any CPU
		{705AA2A1-0FCE-43B8-AFC5-1049FC053EFE}.Debug|Any CPU.Build.0 = Debug|Any CPU
		{705AA2A1-0FCE-43B8-AFC5-1049FC053EFE}.Release|Any CPU.ActiveCfg = Release|Any CPU
		{705AA2A1-0FCE-43B8-AFC5-1049FC053EFE}.Release|Any CPU.Build.0 = Release|Any CPU
		{069D2C0A-B3B8-467E-AB20-B7F0A3F0B80C}.Debug|Any CPU.ActiveCfg = Debug|Any CPU
		{069D2C0A-B3B8-467E-AB20-B7F0A3F0B80C}.Debug|Any CPU.Build.0 = Debug|Any CPU
		{069D2C0A-B3B8-467E-AB20-B7F0A3F0B80C}.Release|Any CPU.ActiveCfg = Release|Any CPU
		{069D2C0A-B3B8-467E-AB20-B7F0A3F0B80C}.Release|Any CPU.Build.0 = Release|Any CPU
	EndGlobalSection
	GlobalSection(SolutionProperties) = preSolution
		HideSolutionNode = FALSE
	EndGlobalSection
	GlobalSection(ExtensibilityGlobals) = postSolution
		SolutionGuid = {BC9B6C3A-DF6C-412C-9ADA-3775522DE42F}
	EndGlobalSection
EndGlobal
